
Microsoft Visual Studio Solution File, Format Version 12.00
# Visual Studio 15
VisualStudioVersion = 15.0.27428.2002
MinimumVisualStudioVersion = 10.0.40219.1
Project("{9A19103F-16F7-4668-BE54-9A1E7A4F7556}") = "TraficAndWeather", "TrafikAndWeather\TraficAndWeather.csproj", "{4919D4A4-A24D-4710-B1D6-754EA50B7987}"
EndProject
Project("{9A19103F-16F7-4668-BE54-9A1E7A4F7556}") = "TraficAndWeather.Domain", "TraficAndWeather.Domain\TraficAndWeather.Domain.csproj", "{35990A77-2C41-48C1-BAD7-3CF41E548971}"
EndProject
Project("{FAE04EC0-301F-11D3-BF4B-00C04F79EFBC}") = "TraficAndWeather.Test", "TraficAndWeather.Test\TraficAndWeather.Test.csproj", "{12DE05F1-F41C-4BA6-9CDB-5BFC78ACCF6E}"
EndProject
Global
	GlobalSection(SolutionConfigurationPlatforms) = preSolution
		Debug|Any CPU = Debug|Any CPU
		Release|Any CPU = Release|Any CPU
	EndGlobalSection
	GlobalSection(ProjectConfigurationPlatforms) = postSolution
		{4919D4A4-A24D-4710-B1D6-754EA50B7987}.Debug|Any CPU.ActiveCfg = Debug|Any CPU
		{4919D4A4-A24D-4710-B1D6-754EA50B7987}.Debug|Any CPU.Build.0 = Debug|Any CPU
		{4919D4A4-A24D-4710-B1D6-754EA50B7987}.Release|Any CPU.ActiveCfg = Release|Any CPU
		{4919D4A4-A24D-4710-B1D6-754EA50B7987}.Release|Any CPU.Build.0 = Release|Any CPU
		{35990A77-2C41-48C1-BAD7-3CF41E548971}.Debug|Any CPU.ActiveCfg = Debug|Any CPU
		{35990A77-2C41-48C1-BAD7-3CF41E548971}.Debug|Any CPU.Build.0 = Debug|Any CPU
		{35990A77-2C41-48C1-BAD7-3CF41E548971}.Release|Any CPU.ActiveCfg = Release|Any CPU
		{35990A77-2C41-48C1-BAD7-3CF41E548971}.Release|Any CPU.Build.0 = Release|Any CPU
		{12DE05F1-F41C-4BA6-9CDB-5BFC78ACCF6E}.Debug|Any CPU.ActiveCfg = Debug|Any CPU
		{12DE05F1-F41C-4BA6-9CDB-5BFC78ACCF6E}.Debug|Any CPU.Build.0 = Debug|Any CPU
		{12DE05F1-F41C-4BA6-9CDB-5BFC78ACCF6E}.Release|Any CPU.ActiveCfg = Release|Any CPU
		{12DE05F1-F41C-4BA6-9CDB-5BFC78ACCF6E}.Release|Any CPU.Build.0 = Release|Any CPU
	EndGlobalSection
	GlobalSection(SolutionProperties) = preSolution
		HideSolutionNode = FALSE
	EndGlobalSection
	GlobalSection(ExtensibilityGlobals) = postSolution
		SolutionGuid = {C2E8DC59-9513-4EBA-9B64-340FEB4F924A}
	EndGlobalSection
EndGlobal
